{
    "name": "pokemon-tv-dumps",
    "version": "1.6.1",
    "lockfileVersion": 3,
    "requires": true,
    "packages": {
        "": {
            "name": "pokemon-tv-dumps",
            "version": "1.6.1",
            "license": "MIT",
            "dependencies": {
                "dotenv": "^16.0.3",
                "got": "^12.6.0",
                "proxy-agent": "^5.0.0",
                "yargs": "^17.7.1"
            }
        },
        "node_modules/@sindresorhus/is": {
            "version": "5.3.0",
            "license": "MIT",
            "engines": {
                "node": ">=14.16"
            },
            "funding": {
                "url": "https://github.com/sindresorhus/is?sponsor=1"
            }
        },
        "node_modules/@szmarczak/http-timer": {
            "version": "5.0.1",
            "license": "MIT",
            "dependencies": {
                "defer-to-connect": "^2.0.1"
            },
            "engines": {
                "node": ">=14.16"
            }
        },
        "node_modules/@tootallnate/once": {
            "version": "1.1.2",
            "license": "MIT",
            "engines": {
                "node": ">= 6"
            }
        },
        "node_modules/@types/http-cache-semantics": {
            "version": "4.0.1",
            "resolved": "https://registry.npmjs.org/@types/http-cache-semantics/-/http-cache-semantics-4.0.1.tgz",
            "integrity": "sha512-SZs7ekbP8CN0txVG2xVRH6EgKmEm31BOxA07vkFaETzZz1xh+cbt8BcI0slpymvwhx5dlFnQG2rTlPVQn+iRPQ=="
        },
        "node_modules/acorn": {
            "version": "8.8.2",
            "license": "MIT",
            "bin": {
                "acorn": "bin/acorn"
            },
            "engines": {
                "node": ">=0.4.0"
            }
        },
        "node_modules/acorn-walk": {
            "version": "8.2.0",
            "license": "MIT",
            "engines": {
                "node": ">=0.4.0"
            }
        },
        "node_modules/agent-base": {
            "version": "6.0.2",
            "license": "MIT",
            "dependencies": {
                "debug": "4"
            },
            "engines": {
                "node": ">= 6.0.0"
            }
        },
        "node_modules/ansi-regex": {
            "version": "5.0.1",
            "license": "MIT",
            "engines": {
                "node": ">=8"
            }
        },
        "node_modules/ansi-styles": {
            "version": "4.3.0",
            "license": "MIT",
            "dependencies": {
                "color-convert": "^2.0.1"
            },
            "engines": {
                "node": ">=8"
            },
            "funding": {
                "url": "https://github.com/chalk/ansi-styles?sponsor=1"
            }
        },
        "node_modules/ast-types": {
            "version": "0.13.4",
            "license": "MIT",
            "dependencies": {
                "tslib": "^2.0.1"
            },
            "engines": {
                "node": ">=4"
            }
        },
        "node_modules/bytes": {
            "version": "3.1.2",
            "license": "MIT",
            "engines": {
                "node": ">= 0.8"
            }
        },
        "node_modules/cacheable-lookup": {
            "version": "7.0.0",
            "license": "MIT",
            "engines": {
                "node": ">=14.16"
            }
        },
        "node_modules/cacheable-request": {
            "version": "10.2.8",
            "resolved": "https://registry.npmjs.org/cacheable-request/-/cacheable-request-10.2.8.tgz",
            "integrity": "sha512-IDVO5MJ4LItE6HKFQTqT2ocAQsisOoCTUDu1ddCmnhyiwFQjXNPp4081Xj23N4tO+AFEFNzGuNEf/c8Gwwt15A==",
            "dependencies": {
                "@types/http-cache-semantics": "^4.0.1",
                "get-stream": "^6.0.1",
                "http-cache-semantics": "^4.1.1",
                "keyv": "^4.5.2",
                "mimic-response": "^4.0.0",
                "normalize-url": "^8.0.0",
                "responselike": "^3.0.0"
            },
            "engines": {
                "node": ">=14.16"
            }
        },
        "node_modules/cliui": {
            "version": "8.0.1",
            "license": "ISC",
            "dependencies": {
                "string-width": "^4.2.0",
                "strip-ansi": "^6.0.1",
                "wrap-ansi": "^7.0.0"
            },
            "engines": {
                "node": ">=12"
            }
        },
        "node_modules/color-convert": {
            "version": "2.0.1",
            "license": "MIT",
            "dependencies": {
                "color-name": "~1.1.4"
            },
            "engines": {
                "node": ">=7.0.0"
            }
        },
        "node_modules/color-name": {
            "version": "1.1.4",
            "license": "MIT"
        },
        "node_modules/core-util-is": {
            "version": "1.0.3",
            "license": "MIT"
        },
        "node_modules/data-uri-to-buffer": {
            "version": "3.0.1",
            "license": "MIT",
            "engines": {
                "node": ">= 6"
            }
        },
        "node_modules/debug": {
            "version": "4.3.4",
            "license": "MIT",
            "dependencies": {
                "ms": "2.1.2"
            },
            "engines": {
                "node": ">=6.0"
            },
            "peerDependenciesMeta": {
                "supports-color": {
                    "optional": true
                }
            }
        },
        "node_modules/decompress-response": {
            "version": "6.0.0",
            "license": "MIT",
            "dependencies": {
                "mimic-response": "^3.1.0"
            },
            "engines": {
                "node": ">=10"
            },
            "funding": {
                "url": "https://github.com/sponsors/sindresorhus"
            }
        },
        "node_modules/decompress-response/node_modules/mimic-response": {
            "version": "3.1.0",
            "license": "MIT",
            "engines": {
                "node": ">=10"
            },
            "funding": {
                "url": "https://github.com/sponsors/sindresorhus"
            }
        },
        "node_modules/deep-is": {
            "version": "0.1.4",
            "license": "MIT"
        },
        "node_modules/defer-to-connect": {
            "version": "2.0.1",
            "license": "MIT",
            "engines": {
                "node": ">=10"
            }
        },
        "node_modules/degenerator": {
            "version": "3.0.2",
            "license": "MIT",
            "dependencies": {
                "ast-types": "^0.13.2",
                "escodegen": "^1.8.1",
                "esprima": "^4.0.0",
                "vm2": "^3.9.8"
            },
            "engines": {
                "node": ">= 6"
            }
        },
        "node_modules/depd": {
            "version": "2.0.0",
            "license": "MIT",
            "engines": {
                "node": ">= 0.8"
            }
        },
        "node_modules/dotenv": {
            "version": "16.0.3",
            "license": "BSD-2-Clause",
            "engines": {
                "node": ">=12"
            }
        },
        "node_modules/emoji-regex": {
            "version": "8.0.0",
            "license": "MIT"
        },
        "node_modules/escalade": {
            "version": "3.1.1",
            "license": "MIT",
            "engines": {
                "node": ">=6"
            }
        },
        "node_modules/escodegen": {
            "version": "1.14.3",
            "license": "BSD-2-Clause",
            "dependencies": {
                "esprima": "^4.0.1",
                "estraverse": "^4.2.0",
                "esutils": "^2.0.2",
                "optionator": "^0.8.1"
            },
            "bin": {
                "escodegen": "bin/escodegen.js",
                "esgenerate": "bin/esgenerate.js"
            },
            "engines": {
                "node": ">=4.0"
            },
            "optionalDependencies": {
                "source-map": "~0.6.1"
            }
        },
        "node_modules/esprima": {
            "version": "4.0.1",
            "license": "BSD-2-Clause",
            "bin": {
                "esparse": "bin/esparse.js",
                "esvalidate": "bin/esvalidate.js"
            },
            "engines": {
                "node": ">=4"
            }
        },
        "node_modules/estraverse": {
            "version": "4.3.0",
            "license": "BSD-2-Clause",
            "engines": {
                "node": ">=4.0"
            }
        },
        "node_modules/esutils": {
            "version": "2.0.3",
            "license": "BSD-2-Clause",
            "engines": {
                "node": ">=0.10.0"
            }
        },
        "node_modules/fast-levenshtein": {
            "version": "2.0.6",
            "license": "MIT"
        },
        "node_modules/file-uri-to-path": {
            "version": "2.0.0",
            "license": "MIT",
            "engines": {
                "node": ">= 6"
            }
        },
        "node_modules/form-data-encoder": {
            "version": "2.1.4",
            "license": "MIT",
            "engines": {
                "node": ">= 14.17"
            }
        },
        "node_modules/fs-extra": {
            "version": "8.1.0",
            "license": "MIT",
            "dependencies": {
                "graceful-fs": "^4.2.0",
                "jsonfile": "^4.0.0",
                "universalify": "^0.1.0"
            },
            "engines": {
                "node": ">=6 <7 || >=8"
            }
        },
        "node_modules/ftp": {
            "version": "0.3.10",
            "dependencies": {
                "readable-stream": "1.1.x",
                "xregexp": "2.0.0"
            },
            "engines": {
                "node": ">=0.8.0"
            }
        },
        "node_modules/get-caller-file": {
            "version": "2.0.5",
            "license": "ISC",
            "engines": {
                "node": "6.* || 8.* || >= 10.*"
            }
        },
        "node_modules/get-stream": {
            "version": "6.0.1",
            "resolved": "https://registry.npmjs.org/get-stream/-/get-stream-6.0.1.tgz",
            "integrity": "sha512-ts6Wi+2j3jQjqi70w5AlN8DFnkSwC+MqmxEzdEALB2qXZYV3X/b1CTfgPLGJNMeAWxdPfU8FO1ms3NUfaHCPYg==",
            "engines": {
                "node": ">=10"
            },
            "funding": {
                "url": "https://github.com/sponsors/sindresorhus"
            }
        },
        "node_modules/get-uri": {
            "version": "3.0.2",
            "license": "MIT",
            "dependencies": {
                "@tootallnate/once": "1",
                "data-uri-to-buffer": "3",
                "debug": "4",
                "file-uri-to-path": "2",
                "fs-extra": "^8.1.0",
                "ftp": "^0.3.10"
            },
            "engines": {
                "node": ">= 6"
            }
        },
        "node_modules/got": {
            "version": "12.6.0",
            "resolved": "https://registry.npmjs.org/got/-/got-12.6.0.tgz",
            "integrity": "sha512-WTcaQ963xV97MN3x0/CbAriXFZcXCfgxVp91I+Ze6pawQOa7SgzwSx2zIJJsX+kTajMnVs0xcFD1TxZKFqhdnQ==",
            "dependencies": {
                "@sindresorhus/is": "^5.2.0",
                "@szmarczak/http-timer": "^5.0.1",
                "cacheable-lookup": "^7.0.0",
                "cacheable-request": "^10.2.8",
                "decompress-response": "^6.0.0",
                "form-data-encoder": "^2.1.2",
                "get-stream": "^6.0.1",
                "http2-wrapper": "^2.1.10",
                "lowercase-keys": "^3.0.0",
                "p-cancelable": "^3.0.0",
                "responselike": "^3.0.0"
            },
            "engines": {
                "node": ">=14.16"
            },
            "funding": {
                "url": "https://github.com/sindresorhus/got?sponsor=1"
            }
        },
        "node_modules/graceful-fs": {
            "version": "4.2.10",
            "license": "ISC"
        },
        "node_modules/http-cache-semantics": {
            "version": "4.1.1",
            "resolved": "https://registry.npmjs.org/http-cache-semantics/-/http-cache-semantics-4.1.1.tgz",
            "integrity": "sha512-er295DKPVsV82j5kw1Gjt+ADA/XYHsajl82cGNQG2eyoPkvgUhX+nDIyelzhIWbbsXP39EHcI6l5tYs2FYqYXQ=="
        },
        "node_modules/http-errors": {
            "version": "2.0.0",
            "license": "MIT",
            "dependencies": {
                "depd": "2.0.0",
                "inherits": "2.0.4",
                "setprototypeof": "1.2.0",
                "statuses": "2.0.1",
                "toidentifier": "1.0.1"
            },
            "engines": {
                "node": ">= 0.8"
            }
        },
        "node_modules/http-proxy-agent": {
            "version": "4.0.1",
            "license": "MIT",
            "dependencies": {
                "@tootallnate/once": "1",
                "agent-base": "6",
                "debug": "4"
            },
            "engines": {
                "node": ">= 6"
            }
        },
        "node_modules/http2-wrapper": {
            "version": "2.2.0",
            "license": "MIT",
            "dependencies": {
                "quick-lru": "^5.1.1",
                "resolve-alpn": "^1.2.0"
            },
            "engines": {
                "node": ">=10.19.0"
            }
        },
        "node_modules/https-proxy-agent": {
            "version": "5.0.1",
            "license": "MIT",
            "dependencies": {
                "agent-base": "6",
                "debug": "4"
            },
            "engines": {
                "node": ">= 6"
            }
        },
        "node_modules/iconv-lite": {
            "version": "0.4.24",
            "license": "MIT",
            "dependencies": {
                "safer-buffer": ">= 2.1.2 < 3"
            },
            "engines": {
                "node": ">=0.10.0"
            }
        },
        "node_modules/inherits": {
            "version": "2.0.4",
            "license": "ISC"
        },
        "node_modules/ip": {
            "version": "1.1.8",
            "license": "MIT"
        },
        "node_modules/is-fullwidth-code-point": {
            "version": "3.0.0",
            "license": "MIT",
            "engines": {
                "node": ">=8"
            }
        },
        "node_modules/isarray": {
            "version": "0.0.1",
            "license": "MIT"
        },
        "node_modules/json-buffer": {
            "version": "3.0.1",
            "resolved": "https://registry.npmjs.org/json-buffer/-/json-buffer-3.0.1.tgz",
            "integrity": "sha512-4bV5BfR2mqfQTJm+V5tPPdf+ZpuhiIvTuAB5g8kcrXOZpTT/QwwVRWBywX1ozr6lEuPdbHxwaJlm9G6mI2sfSQ=="
        },
        "node_modules/jsonfile": {
            "version": "4.0.0",
            "license": "MIT",
            "optionalDependencies": {
                "graceful-fs": "^4.1.6"
            }
        },
        "node_modules/keyv": {
            "version": "4.5.2",
            "resolved": "https://registry.npmjs.org/keyv/-/keyv-4.5.2.tgz",
            "integrity": "sha512-5MHbFaKn8cNSmVW7BYnijeAVlE4cYA/SVkifVgrh7yotnfhKmjuXpDKjrABLnT0SfHWV21P8ow07OGfRrNDg8g==",
            "dependencies": {
                "json-buffer": "3.0.1"
            }
        },
        "node_modules/levn": {
            "version": "0.3.0",
            "license": "MIT",
            "dependencies": {
                "prelude-ls": "~1.1.2",
                "type-check": "~0.3.2"
            },
            "engines": {
                "node": ">= 0.8.0"
            }
        },
        "node_modules/lowercase-keys": {
            "version": "3.0.0",
            "resolved": "https://registry.npmjs.org/lowercase-keys/-/lowercase-keys-3.0.0.tgz",
            "integrity": "sha512-ozCC6gdQ+glXOQsveKD0YsDy8DSQFjDTz4zyzEHNV5+JP5D62LmfDZ6o1cycFx9ouG940M5dE8C8CTewdj2YWQ==",
            "engines": {
                "node": "^12.20.0 || ^14.13.1 || >=16.0.0"
            },
            "funding": {
                "url": "https://github.com/sponsors/sindresorhus"
            }
        },
        "node_modules/lru-cache": {
            "version": "5.1.1",
            "license": "ISC",
            "dependencies": {
                "yallist": "^3.0.2"
            }
        },
        "node_modules/mimic-response": {
            "version": "4.0.0",
            "resolved": "https://registry.npmjs.org/mimic-response/-/mimic-response-4.0.0.tgz",
            "integrity": "sha512-e5ISH9xMYU0DzrT+jl8q2ze9D6eWBto+I8CNpe+VI+K2J/F/k3PdkdTdz4wvGVH4NTpo+NRYTVIuMQEMMcsLqg==",
            "engines": {
                "node": "^12.20.0 || ^14.13.1 || >=16.0.0"
            },
            "funding": {
                "url": "https://github.com/sponsors/sindresorhus"
            }
        },
        "node_modules/ms": {
            "version": "2.1.2",
            "license": "MIT"
        },
        "node_modules/netmask": {
            "version": "2.0.2",
            "license": "MIT",
            "engines": {
                "node": ">= 0.4.0"
            }
        },
        "node_modules/normalize-url": {
            "version": "8.0.0",
            "resolved": "https://registry.npmjs.org/normalize-url/-/normalize-url-8.0.0.tgz",
            "integrity": "sha512-uVFpKhj5MheNBJRTiMZ9pE/7hD1QTeEvugSJW/OmLzAp78PB5O6adfMNTvmfKhXBkvCzC+rqifWcVYpGFwTjnw==",
            "engines": {
                "node": ">=14.16"
            },
            "funding": {
                "url": "https://github.com/sponsors/sindresorhus"
            }
        },
        "node_modules/optionator": {
            "version": "0.8.3",
            "license": "MIT",
            "dependencies": {
                "deep-is": "~0.1.3",
                "fast-levenshtein": "~2.0.6",
                "levn": "~0.3.0",
                "prelude-ls": "~1.1.2",
                "type-check": "~0.3.2",
                "word-wrap": "~1.2.3"
            },
            "engines": {
                "node": ">= 0.8.0"
            }
        },
        "node_modules/p-cancelable": {
            "version": "3.0.0",
            "license": "MIT",
            "engines": {
                "node": ">=12.20"
            }
        },
        "node_modules/pac-proxy-agent": {
            "version": "5.0.0",
            "license": "MIT",
            "dependencies": {
                "@tootallnate/once": "1",
                "agent-base": "6",
                "debug": "4",
                "get-uri": "3",
                "http-proxy-agent": "^4.0.1",
                "https-proxy-agent": "5",
                "pac-resolver": "^5.0.0",
                "raw-body": "^2.2.0",
                "socks-proxy-agent": "5"
            },
            "engines": {
                "node": ">= 8"
            }
        },
        "node_modules/pac-resolver": {
            "version": "5.0.1",
            "license": "MIT",
            "dependencies": {
                "degenerator": "^3.0.2",
                "ip": "^1.1.5",
                "netmask": "^2.0.2"
            },
            "engines": {
                "node": ">= 8"
            }
        },
        "node_modules/prelude-ls": {
            "version": "1.1.2",
            "engines": {
                "node": ">= 0.8.0"
            }
        },
        "node_modules/proxy-agent": {
            "version": "5.0.0",
            "license": "MIT",
            "dependencies": {
                "agent-base": "^6.0.0",
                "debug": "4",
                "http-proxy-agent": "^4.0.0",
                "https-proxy-agent": "^5.0.0",
                "lru-cache": "^5.1.1",
                "pac-proxy-agent": "^5.0.0",
                "proxy-from-env": "^1.0.0",
                "socks-proxy-agent": "^5.0.0"
            },
            "engines": {
                "node": ">= 8"
            }
        },
        "node_modules/proxy-from-env": {
            "version": "1.1.0",
            "license": "MIT"
        },
        "node_modules/quick-lru": {
            "version": "5.1.1",
            "license": "MIT",
            "engines": {
                "node": ">=10"
            },
            "funding": {
                "url": "https://github.com/sponsors/sindresorhus"
            }
        },
        "node_modules/raw-body": {
            "version": "2.5.1",
            "license": "MIT",
            "dependencies": {
                "bytes": "3.1.2",
                "http-errors": "2.0.0",
                "iconv-lite": "0.4.24",
                "unpipe": "1.0.0"
            },
            "engines": {
                "node": ">= 0.8"
            }
        },
        "node_modules/readable-stream": {
            "version": "1.1.14",
            "license": "MIT",
            "dependencies": {
                "core-util-is": "~1.0.0",
                "inherits": "~2.0.1",
                "isarray": "0.0.1",
                "string_decoder": "~0.10.x"
            }
        },
        "node_modules/require-directory": {
            "version": "2.1.1",
            "license": "MIT",
            "engines": {
                "node": ">=0.10.0"
            }
        },
        "node_modules/resolve-alpn": {
            "version": "1.2.1",
            "license": "MIT"
        },
        "node_modules/responselike": {
            "version": "3.0.0",
            "resolved": "https://registry.npmjs.org/responselike/-/responselike-3.0.0.tgz",
            "integrity": "sha512-40yHxbNcl2+rzXvZuVkrYohathsSJlMTXKryG5y8uciHv1+xDLHQpgjG64JUO9nrEq2jGLH6IZ8BcZyw3wrweg==",
            "dependencies": {
                "lowercase-keys": "^3.0.0"
            },
            "engines": {
                "node": ">=14.16"
            },
            "funding": {
                "url": "https://github.com/sponsors/sindresorhus"
            }
        },
        "node_modules/safer-buffer": {
            "version": "2.1.2",
            "license": "MIT"
        },
        "node_modules/setprototypeof": {
            "version": "1.2.0",
            "license": "ISC"
        },
        "node_modules/smart-buffer": {
            "version": "4.2.0",
            "license": "MIT",
            "engines": {
                "node": ">= 6.0.0",
                "npm": ">= 3.0.0"
            }
        },
        "node_modules/socks": {
            "version": "2.7.1",
            "license": "MIT",
            "dependencies": {
                "ip": "^2.0.0",
                "smart-buffer": "^4.2.0"
            },
            "engines": {
                "node": ">= 10.13.0",
                "npm": ">= 3.0.0"
            }
        },
        "node_modules/socks-proxy-agent": {
            "version": "5.0.1",
            "license": "MIT",
            "dependencies": {
                "agent-base": "^6.0.2",
                "debug": "4",
                "socks": "^2.3.3"
            },
            "engines": {
                "node": ">= 6"
            }
        },
        "node_modules/socks/node_modules/ip": {
            "version": "2.0.0",
            "license": "MIT"
        },
        "node_modules/source-map": {
            "version": "0.6.1",
            "license": "BSD-3-Clause",
            "optional": true,
            "engines": {
                "node": ">=0.10.0"
            }
        },
        "node_modules/statuses": {
            "version": "2.0.1",
            "license": "MIT",
            "engines": {
                "node": ">= 0.8"
            }
        },
        "node_modules/string_decoder": {
            "version": "0.10.31",
            "license": "MIT"
        },
        "node_modules/string-width": {
            "version": "4.2.3",
            "license": "MIT",
            "dependencies": {
                "emoji-regex": "^8.0.0",
                "is-fullwidth-code-point": "^3.0.0",
                "strip-ansi": "^6.0.1"
            },
            "engines": {
                "node": ">=8"
            }
        },
        "node_modules/strip-ansi": {
            "version": "6.0.1",
            "license": "MIT",
            "dependencies": {
                "ansi-regex": "^5.0.1"
            },
            "engines": {
                "node": ">=8"
            }
        },
        "node_modules/toidentifier": {
            "version": "1.0.1",
            "license": "MIT",
            "engines": {
                "node": ">=0.6"
            }
        },
        "node_modules/tslib": {
            "version": "2.5.0",
            "license": "0BSD"
        },
        "node_modules/type-check": {
            "version": "0.3.2",
            "license": "MIT",
            "dependencies": {
                "prelude-ls": "~1.1.2"
            },
            "engines": {
                "node": ">= 0.8.0"
            }
        },
        "node_modules/universalify": {
            "version": "0.1.2",
            "license": "MIT",
            "engines": {
                "node": ">= 4.0.0"
            }
        },
        "node_modules/unpipe": {
            "version": "1.0.0",
            "license": "MIT",
            "engines": {
                "node": ">= 0.8"
            }
        },
        "node_modules/vm2": {
            "version": "3.9.16",
            "resolved": "https://registry.npmjs.org/vm2/-/vm2-3.9.16.tgz",
            "integrity": "sha512-3T9LscojNTxdOyG+e8gFeyBXkMlOBYDoF6dqZbj+MPVHi9x10UfiTAJIobuchRCp3QvC+inybTbMJIUrLsig0w==",
            "dependencies": {
                "acorn": "^8.7.0",
                "acorn-walk": "^8.2.0"
            },
            "bin": {
                "vm2": "bin/vm2"
            },
            "engines": {
                "node": ">=6.0"
            }
        },
        "node_modules/word-wrap": {
            "version": "1.2.3",
            "license": "MIT",
            "engines": {
                "node": ">=0.10.0"
            }
        },
        "node_modules/wrap-ansi": {
            "version": "7.0.0",
            "license": "MIT",
            "dependencies": {
                "ansi-styles": "^4.0.0",
                "string-width": "^4.1.0",
                "strip-ansi": "^6.0.0"
            },
            "engines": {
                "node": ">=10"
            },
            "funding": {
                "url": "https://github.com/chalk/wrap-ansi?sponsor=1"
            }
        },
        "node_modules/xregexp": {
            "version": "2.0.0",
            "license": "MIT"
        },
        "node_modules/y18n": {
            "version": "5.0.8",
            "license": "ISC",
            "engines": {
                "node": ">=10"
            }
        },
        "node_modules/yallist": {
            "version": "3.1.1",
            "license": "ISC"
        },
        "node_modules/yargs": {
            "version": "17.7.1",
            "resolved": "https://registry.npmjs.org/yargs/-/yargs-17.7.1.tgz",
            "integrity": "sha512-cwiTb08Xuv5fqF4AovYacTFNxk62th7LKJ6BL9IGUpTJrWoU7/7WdQGTP2SjKf1dUNBGzDd28p/Yfs/GI6JrLw==",
            "dependencies": {
                "cliui": "^8.0.1",
                "escalade": "^3.1.1",
                "get-caller-file": "^2.0.5",
                "require-directory": "^2.1.1",
                "string-width": "^4.2.3",
                "y18n": "^5.0.5",
                "yargs-parser": "^21.1.1"
            },
            "engines": {
                "node": ">=12"
            }
        },
        "node_modules/yargs-parser": {
            "version": "21.1.1",
            "license": "ISC",
            "engines": {
                "node": ">=12"
            }
        }
    }
}
