{
    "name": "pokemon-tv-dumps",
    "version": "1.6.1",
    "lockfileVersion": 3,
    "requires": true,
    "packages": {
        "": {
            "name": "pokemon-tv-dumps",
            "version": "1.6.1",
            "license": "MIT",
            "dependencies": {
                "dotenv": "^16.4.5",
                "got": "^14.2.1",
                "https-proxy-agent": "^7.0.4",
                "yargs": "^17.7.2"
            }
        },
        "node_modules/@sindresorhus/is": {
            "version": "6.1.0",
            "resolved": "https://registry.npmjs.org/@sindresorhus/is/-/is-6.1.0.tgz",
            "integrity": "sha512-BuvU07zq3tQ/2SIgBsEuxKYDyDjC0n7Zir52bpHy2xnBbW81+po43aLFPLbeV3HRAheFbGud1qgcqSYfhtHMAg==",
            "engines": {
                "node": ">=16"
            },
            "funding": {
                "url": "https://github.com/sindresorhus/is?sponsor=1"
            }
        },
        "node_modules/@szmarczak/http-timer": {
            "version": "5.0.1",
            "license": "MIT",
            "dependencies": {
                "defer-to-connect": "^2.0.1"
            },
            "engines": {
                "node": ">=14.16"
            }
        },
        "node_modules/@types/http-cache-semantics": {
            "version": "4.0.4",
            "resolved": "https://registry.npmjs.org/@types/http-cache-semantics/-/http-cache-semantics-4.0.4.tgz",
            "integrity": "sha512-1m0bIFVc7eJWyve9S0RnuRgcQqF/Xd5QsUZAZeQFr1Q3/p9JWoQQEqmVy+DPTNpGXwhgIetAoYF8JSc33q29QA=="
        },
        "node_modules/agent-base": {
            "version": "7.1.0",
            "resolved": "https://registry.npmjs.org/agent-base/-/agent-base-7.1.0.tgz",
            "integrity": "sha512-o/zjMZRhJxny7OyEF+Op8X+efiELC7k7yOjMzgfzVqOzXqkBkWI79YoTdOtsuWd5BWhAGAuOY/Xa6xpiaWXiNg==",
            "dependencies": {
                "debug": "^4.3.4"
            },
            "engines": {
                "node": ">= 14"
            }
        },
        "node_modules/ansi-regex": {
            "version": "5.0.1",
            "license": "MIT",
            "engines": {
                "node": ">=8"
            }
        },
        "node_modules/ansi-styles": {
            "version": "4.3.0",
            "license": "MIT",
            "dependencies": {
                "color-convert": "^2.0.1"
            },
            "engines": {
                "node": ">=8"
            },
            "funding": {
                "url": "https://github.com/chalk/ansi-styles?sponsor=1"
            }
        },
        "node_modules/cacheable-lookup": {
            "version": "7.0.0",
            "license": "MIT",
            "engines": {
                "node": ">=14.16"
            }
        },
        "node_modules/cacheable-request": {
            "version": "10.2.14",
            "resolved": "https://registry.npmjs.org/cacheable-request/-/cacheable-request-10.2.14.tgz",
            "integrity": "sha512-zkDT5WAF4hSSoUgyfg5tFIxz8XQK+25W/TLVojJTMKBaxevLBBtLxgqguAuVQB8PVW79FVjHcU+GJ9tVbDZ9mQ==",
            "dependencies": {
                "@types/http-cache-semantics": "^4.0.2",
                "get-stream": "^6.0.1",
                "http-cache-semantics": "^4.1.1",
                "keyv": "^4.5.3",
                "mimic-response": "^4.0.0",
                "normalize-url": "^8.0.0",
                "responselike": "^3.0.0"
            },
            "engines": {
                "node": ">=14.16"
            }
        },
        "node_modules/cacheable-request/node_modules/get-stream": {
            "version": "6.0.1",
            "resolved": "https://registry.npmjs.org/get-stream/-/get-stream-6.0.1.tgz",
            "integrity": "sha512-ts6Wi+2j3jQjqi70w5AlN8DFnkSwC+MqmxEzdEALB2qXZYV3X/b1CTfgPLGJNMeAWxdPfU8FO1ms3NUfaHCPYg==",
            "engines": {
                "node": ">=10"
            },
            "funding": {
                "url": "https://github.com/sponsors/sindresorhus"
            }
        },
        "node_modules/cliui": {
            "version": "8.0.1",
            "license": "ISC",
            "dependencies": {
                "string-width": "^4.2.0",
                "strip-ansi": "^6.0.1",
                "wrap-ansi": "^7.0.0"
            },
            "engines": {
                "node": ">=12"
            }
        },
        "node_modules/color-convert": {
            "version": "2.0.1",
            "license": "MIT",
            "dependencies": {
                "color-name": "~1.1.4"
            },
            "engines": {
                "node": ">=7.0.0"
            }
        },
        "node_modules/color-name": {
            "version": "1.1.4",
            "license": "MIT"
        },
        "node_modules/debug": {
            "version": "4.3.4",
            "resolved": "https://registry.npmjs.org/debug/-/debug-4.3.4.tgz",
            "integrity": "sha512-PRWFHuSU3eDtQJPvnNY7Jcket1j0t5OuOsFzPPzsekD52Zl8qUfFIPEiswXqIvHWGVHOgX+7G/vCNNhehwxfkQ==",
            "dependencies": {
                "ms": "2.1.2"
            },
            "engines": {
                "node": ">=6.0"
            },
            "peerDependenciesMeta": {
                "supports-color": {
                    "optional": true
                }
            }
        },
        "node_modules/decompress-response": {
            "version": "6.0.0",
            "license": "MIT",
            "dependencies": {
                "mimic-response": "^3.1.0"
            },
            "engines": {
                "node": ">=10"
            },
            "funding": {
                "url": "https://github.com/sponsors/sindresorhus"
            }
        },
        "node_modules/decompress-response/node_modules/mimic-response": {
            "version": "3.1.0",
            "license": "MIT",
            "engines": {
                "node": ">=10"
            },
            "funding": {
                "url": "https://github.com/sponsors/sindresorhus"
            }
        },
        "node_modules/defer-to-connect": {
            "version": "2.0.1",
            "license": "MIT",
            "engines": {
                "node": ">=10"
            }
        },
        "node_modules/dotenv": {
            "version": "16.4.5",
            "resolved": "https://registry.npmjs.org/dotenv/-/dotenv-16.4.5.tgz",
            "integrity": "sha512-ZmdL2rui+eB2YwhsWzjInR8LldtZHGDoQ1ugH85ppHKwpUHL7j7rN0Ti9NCnGiQbhaZ11FpR+7ao1dNsmduNUg==",
            "engines": {
                "node": ">=12"
            },
            "funding": {
                "url": "https://dotenvx.com"
            }
        },
        "node_modules/emoji-regex": {
            "version": "8.0.0",
            "license": "MIT"
        },
        "node_modules/escalade": {
            "version": "3.1.1",
            "license": "MIT",
            "engines": {
                "node": ">=6"
            }
        },
        "node_modules/form-data-encoder": {
            "version": "4.0.2",
            "resolved": "https://registry.npmjs.org/form-data-encoder/-/form-data-encoder-4.0.2.tgz",
            "integrity": "sha512-KQVhvhK8ZkWzxKxOr56CPulAhH3dobtuQ4+hNQ+HekH/Wp5gSOafqRAeTphQUJAIk0GBvHZgJ2ZGRWd5kphMuw==",
            "engines": {
                "node": ">= 18"
            }
        },
        "node_modules/get-caller-file": {
            "version": "2.0.5",
            "license": "ISC",
            "engines": {
                "node": "6.* || 8.* || >= 10.*"
            }
        },
        "node_modules/get-stream": {
            "version": "8.0.1",
            "resolved": "https://registry.npmjs.org/get-stream/-/get-stream-8.0.1.tgz",
            "integrity": "sha512-VaUJspBffn/LMCJVoMvSAdmscJyS1auj5Zulnn5UoYcY531UWmdwhRWkcGKnGU93m5HSXP9LP2usOryrBtQowA==",
            "engines": {
                "node": ">=16"
            },
            "funding": {
                "url": "https://github.com/sponsors/sindresorhus"
            }
        },
        "node_modules/got": {
            "version": "14.2.1",
            "resolved": "https://registry.npmjs.org/got/-/got-14.2.1.tgz",
            "integrity": "sha512-KOaPMremmsvx6l9BLC04LYE6ZFW4x7e4HkTe3LwBmtuYYQwpeS4XKqzhubTIkaQ1Nr+eXxeori0zuwupXMovBQ==",
            "dependencies": {
                "@sindresorhus/is": "^6.1.0",
                "@szmarczak/http-timer": "^5.0.1",
                "cacheable-lookup": "^7.0.0",
                "cacheable-request": "^10.2.14",
                "decompress-response": "^6.0.0",
                "form-data-encoder": "^4.0.2",
                "get-stream": "^8.0.1",
                "http2-wrapper": "^2.2.1",
                "lowercase-keys": "^3.0.0",
                "p-cancelable": "^4.0.1",
                "responselike": "^3.0.0"
            },
            "engines": {
                "node": ">=20"
            },
            "funding": {
                "url": "https://github.com/sindresorhus/got?sponsor=1"
            }
        },
        "node_modules/http-cache-semantics": {
            "version": "4.1.1",
            "resolved": "https://registry.npmjs.org/http-cache-semantics/-/http-cache-semantics-4.1.1.tgz",
            "integrity": "sha512-er295DKPVsV82j5kw1Gjt+ADA/XYHsajl82cGNQG2eyoPkvgUhX+nDIyelzhIWbbsXP39EHcI6l5tYs2FYqYXQ=="
        },
        "node_modules/http2-wrapper": {
            "version": "2.2.1",
            "resolved": "https://registry.npmjs.org/http2-wrapper/-/http2-wrapper-2.2.1.tgz",
            "integrity": "sha512-V5nVw1PAOgfI3Lmeaj2Exmeg7fenjhRUgz1lPSezy1CuhPYbgQtbQj4jZfEAEMlaL+vupsvhjqCyjzob0yxsmQ==",
            "dependencies": {
                "quick-lru": "^5.1.1",
                "resolve-alpn": "^1.2.0"
            },
            "engines": {
                "node": ">=10.19.0"
            }
        },
        "node_modules/https-proxy-agent": {
            "version": "7.0.4",
            "resolved": "https://registry.npmjs.org/https-proxy-agent/-/https-proxy-agent-7.0.4.tgz",
            "integrity": "sha512-wlwpilI7YdjSkWaQ/7omYBMTliDcmCN8OLihO6I9B86g06lMyAoqgoDpV0XqoaPOKj+0DIdAvnsWfyAAhmimcg==",
            "dependencies": {
                "agent-base": "^7.0.2",
                "debug": "4"
            },
            "engines": {
                "node": ">= 14"
            }
        },
        "node_modules/is-fullwidth-code-point": {
            "version": "3.0.0",
            "license": "MIT",
            "engines": {
                "node": ">=8"
            }
        },
        "node_modules/json-buffer": {
            "version": "3.0.1",
            "resolved": "https://registry.npmjs.org/json-buffer/-/json-buffer-3.0.1.tgz",
            "integrity": "sha512-4bV5BfR2mqfQTJm+V5tPPdf+ZpuhiIvTuAB5g8kcrXOZpTT/QwwVRWBywX1ozr6lEuPdbHxwaJlm9G6mI2sfSQ=="
        },
        "node_modules/keyv": {
            "version": "4.5.4",
            "resolved": "https://registry.npmjs.org/keyv/-/keyv-4.5.4.tgz",
            "integrity": "sha512-oxVHkHR/EJf2CNXnWxRLW6mg7JyCCUcG0DtEGmL2ctUo1PNTin1PUil+r/+4r5MpVgC/fn1kjsx7mjSujKqIpw==",
            "dependencies": {
                "json-buffer": "3.0.1"
            }
        },
        "node_modules/lowercase-keys": {
            "version": "3.0.0",
            "resolved": "https://registry.npmjs.org/lowercase-keys/-/lowercase-keys-3.0.0.tgz",
            "integrity": "sha512-ozCC6gdQ+glXOQsveKD0YsDy8DSQFjDTz4zyzEHNV5+JP5D62LmfDZ6o1cycFx9ouG940M5dE8C8CTewdj2YWQ==",
            "engines": {
                "node": "^12.20.0 || ^14.13.1 || >=16.0.0"
            },
            "funding": {
                "url": "https://github.com/sponsors/sindresorhus"
            }
        },
        "node_modules/mimic-response": {
            "version": "4.0.0",
            "resolved": "https://registry.npmjs.org/mimic-response/-/mimic-response-4.0.0.tgz",
            "integrity": "sha512-e5ISH9xMYU0DzrT+jl8q2ze9D6eWBto+I8CNpe+VI+K2J/F/k3PdkdTdz4wvGVH4NTpo+NRYTVIuMQEMMcsLqg==",
            "engines": {
                "node": "^12.20.0 || ^14.13.1 || >=16.0.0"
            },
            "funding": {
                "url": "https://github.com/sponsors/sindresorhus"
            }
        },
        "node_modules/ms": {
            "version": "2.1.2",
            "resolved": "https://registry.npmjs.org/ms/-/ms-2.1.2.tgz",
            "integrity": "sha512-sGkPx+VjMtmA6MX27oA4FBFELFCZZ4S4XqeGOXCv68tT+jb3vk/RyaKWP0PTKyWtmLSM0b+adUTEvbs1PEaH2w=="
        },
        "node_modules/normalize-url": {
            "version": "8.0.0",
            "resolved": "https://registry.npmjs.org/normalize-url/-/normalize-url-8.0.0.tgz",
            "integrity": "sha512-uVFpKhj5MheNBJRTiMZ9pE/7hD1QTeEvugSJW/OmLzAp78PB5O6adfMNTvmfKhXBkvCzC+rqifWcVYpGFwTjnw==",
            "engines": {
                "node": ">=14.16"
            },
            "funding": {
                "url": "https://github.com/sponsors/sindresorhus"
            }
        },
        "node_modules/p-cancelable": {
            "version": "4.0.1",
            "resolved": "https://registry.npmjs.org/p-cancelable/-/p-cancelable-4.0.1.tgz",
            "integrity": "sha512-wBowNApzd45EIKdO1LaU+LrMBwAcjfPaYtVzV3lmfM3gf8Z4CHZsiIqlM8TZZ8okYvh5A1cP6gTfCRQtwUpaUg==",
            "engines": {
                "node": ">=14.16"
            }
        },
        "node_modules/quick-lru": {
            "version": "5.1.1",
            "resolved": "https://registry.npmjs.org/quick-lru/-/quick-lru-5.1.1.tgz",
            "integrity": "sha512-WuyALRjWPDGtt/wzJiadO5AXY+8hZ80hVpe6MyivgraREW751X3SbhRvG3eLKOYN+8VEvqLcf3wdnt44Z4S4SA==",
            "engines": {
                "node": ">=10"
            },
            "funding": {
                "url": "https://github.com/sponsors/sindresorhus"
            }
        },
        "node_modules/require-directory": {
            "version": "2.1.1",
            "license": "MIT",
            "engines": {
                "node": ">=0.10.0"
            }
        },
        "node_modules/resolve-alpn": {
            "version": "1.2.1",
            "resolved": "https://registry.npmjs.org/resolve-alpn/-/resolve-alpn-1.2.1.tgz",
            "integrity": "sha512-0a1F4l73/ZFZOakJnQ3FvkJ2+gSTQWz/r2KE5OdDY0TxPm5h4GkqkWWfM47T7HsbnOtcJVEF4epCVy6u7Q3K+g=="
        },
        "node_modules/responselike": {
            "version": "3.0.0",
            "resolved": "https://registry.npmjs.org/responselike/-/responselike-3.0.0.tgz",
            "integrity": "sha512-40yHxbNcl2+rzXvZuVkrYohathsSJlMTXKryG5y8uciHv1+xDLHQpgjG64JUO9nrEq2jGLH6IZ8BcZyw3wrweg==",
            "dependencies": {
                "lowercase-keys": "^3.0.0"
            },
            "engines": {
                "node": ">=14.16"
            },
            "funding": {
                "url": "https://github.com/sponsors/sindresorhus"
            }
        },
        "node_modules/string-width": {
            "version": "4.2.3",
            "license": "MIT",
            "dependencies": {
                "emoji-regex": "^8.0.0",
                "is-fullwidth-code-point": "^3.0.0",
                "strip-ansi": "^6.0.1"
            },
            "engines": {
                "node": ">=8"
            }
        },
        "node_modules/strip-ansi": {
            "version": "6.0.1",
            "license": "MIT",
            "dependencies": {
                "ansi-regex": "^5.0.1"
            },
            "engines": {
                "node": ">=8"
            }
        },
        "node_modules/wrap-ansi": {
            "version": "7.0.0",
            "license": "MIT",
            "dependencies": {
                "ansi-styles": "^4.0.0",
                "string-width": "^4.1.0",
                "strip-ansi": "^6.0.0"
            },
            "engines": {
                "node": ">=10"
            },
            "funding": {
                "url": "https://github.com/chalk/wrap-ansi?sponsor=1"
            }
        },
        "node_modules/y18n": {
            "version": "5.0.8",
            "license": "ISC",
            "engines": {
                "node": ">=10"
            }
        },
        "node_modules/yargs": {
            "version": "17.7.2",
            "resolved": "https://registry.npmjs.org/yargs/-/yargs-17.7.2.tgz",
            "integrity": "sha512-7dSzzRQ++CKnNI/krKnYRV7JKKPUXMEh61soaHKg9mrWEhzFWhFnxPxGl+69cD1Ou63C13NUPCnmIcrvqCuM6w==",
            "dependencies": {
                "cliui": "^8.0.1",
                "escalade": "^3.1.1",
                "get-caller-file": "^2.0.5",
                "require-directory": "^2.1.1",
                "string-width": "^4.2.3",
                "y18n": "^5.0.5",
                "yargs-parser": "^21.1.1"
            },
            "engines": {
                "node": ">=12"
            }
        },
        "node_modules/yargs-parser": {
            "version": "21.1.1",
            "license": "ISC",
            "engines": {
                "node": ">=12"
            }
        }
    }
}
