# THIS IS AN AUTOGENERATED FILE. DO NOT EDIT THIS FILE DIRECTLY.
# yarn lockfile v1


"@sindresorhus/is@^5.2.0":
  version "5.3.0"

"@szmarczak/http-timer@^5.0.1":
  version "5.0.1"
  dependencies:
    defer-to-connect "^2.0.1"

"@tootallnate/once@1":
  version "1.1.2"

"@types/http-cache-semantics@^4.0.1":
  version "4.0.1"

acorn-walk@^8.2.0:
  version "8.2.0"

acorn@^8.7.0:
  version "8.8.2"

agent-base@^6.0.0, agent-base@^6.0.2, agent-base@6:
  version "6.0.2"
  dependencies:
    debug "4"

ansi-regex@^5.0.1:
  version "5.0.1"

ansi-styles@^4.0.0:
  version "4.3.0"
  dependencies:
    color-convert "^2.0.1"

ast-types@^0.13.2:
  version "0.13.4"
  dependencies:
    tslib "^2.0.1"

bytes@3.1.2:
  version "3.1.2"

cacheable-lookup@^7.0.0:
  version "7.0.0"

cacheable-request@^10.2.1:
  version "10.2.5"
  dependencies:
    "@types/http-cache-semantics" "^4.0.1"
    get-stream "^6.0.1"
    http-cache-semantics "^4.1.0"
    keyv "^4.5.2"
    mimic-response "^4.0.0"
    normalize-url "^8.0.0"
    responselike "^3.0.0"

cliui@^8.0.1:
  version "8.0.1"
  dependencies:
    string-width "^4.2.0"
    strip-ansi "^6.0.1"
    wrap-ansi "^7.0.0"

color-convert@^2.0.1:
  version "2.0.1"
  dependencies:
    color-name "~1.1.4"

color-name@~1.1.4:
  version "1.1.4"

core-util-is@~1.0.0:
  version "1.0.3"

data-uri-to-buffer@3:
  version "3.0.1"

debug@4:
  version "4.3.4"
  dependencies:
    ms "2.1.2"

decompress-response@^6.0.0:
  version "6.0.0"
  dependencies:
    mimic-response "^3.1.0"

deep-is@~0.1.3:
  version "0.1.4"

defer-to-connect@^2.0.1:
  version "2.0.1"

degenerator@^3.0.2:
  version "3.0.2"
  dependencies:
    ast-types "^0.13.2"
    escodegen "^1.8.1"
    esprima "^4.0.0"
    vm2 "^3.9.8"

depd@2.0.0:
  version "2.0.0"

dotenv@^16.0.3:
  version "16.0.3"

emoji-regex@^8.0.0:
  version "8.0.0"

escalade@^3.1.1:
  version "3.1.1"

escodegen@^1.8.1:
  version "1.14.3"
  dependencies:
    esprima "^4.0.1"
    estraverse "^4.2.0"
    esutils "^2.0.2"
    optionator "^0.8.1"
  optionalDependencies:
    source-map "~0.6.1"

esprima@^4.0.0, esprima@^4.0.1:
  version "4.0.1"

estraverse@^4.2.0:
  version "4.3.0"

esutils@^2.0.2:
  version "2.0.3"

fast-levenshtein@~2.0.6:
  version "2.0.6"

file-uri-to-path@2:
  version "2.0.0"

form-data-encoder@^2.1.2:
  version "2.1.4"

fs-extra@^8.1.0:
  version "8.1.0"
  dependencies:
    graceful-fs "^4.2.0"
    jsonfile "^4.0.0"
    universalify "^0.1.0"

ftp@^0.3.10:
  version "0.3.10"
  dependencies:
    readable-stream "1.1.x"
    xregexp "2.0.0"

get-caller-file@^2.0.5:
  version "2.0.5"

get-stream@^6.0.1:
  version "6.0.1"

get-uri@3:
  version "3.0.2"
  dependencies:
    "@tootallnate/once" "1"
    data-uri-to-buffer "3"
    debug "4"
    file-uri-to-path "2"
    fs-extra "^8.1.0"
    ftp "^0.3.10"

got@^12.5.3:
  version "12.5.3"
  dependencies:
    "@sindresorhus/is" "^5.2.0"
    "@szmarczak/http-timer" "^5.0.1"
    cacheable-lookup "^7.0.0"
    cacheable-request "^10.2.1"
    decompress-response "^6.0.0"
    form-data-encoder "^2.1.2"
    get-stream "^6.0.1"
    http2-wrapper "^2.1.10"
    lowercase-keys "^3.0.0"
    p-cancelable "^3.0.0"
    responselike "^3.0.0"

graceful-fs@^4.1.6, graceful-fs@^4.2.0:
  version "4.2.10"

http-cache-semantics@^4.1.0:
  version "4.1.1"

http-errors@2.0.0:
  version "2.0.0"
  dependencies:
    depd "2.0.0"
    inherits "2.0.4"
    setprototypeof "1.2.0"
    statuses "2.0.1"
    toidentifier "1.0.1"

http-proxy-agent@^4.0.0, http-proxy-agent@^4.0.1:
  version "4.0.1"
  dependencies:
    "@tootallnate/once" "1"
    agent-base "6"
    debug "4"

http2-wrapper@^2.1.10:
  version "2.2.0"
  dependencies:
    quick-lru "^5.1.1"
    resolve-alpn "^1.2.0"

https-proxy-agent@^5.0.0, https-proxy-agent@5:
  version "5.0.1"
  dependencies:
    agent-base "6"
    debug "4"

iconv-lite@0.4.24:
  version "0.4.24"
  dependencies:
    safer-buffer ">= 2.1.2 < 3"

inherits@~2.0.1, inherits@2.0.4:
  version "2.0.4"

ip@^1.1.5:
  version "1.1.8"

ip@^2.0.0:
  version "2.0.0"

is-fullwidth-code-point@^3.0.0:
  version "3.0.0"

isarray@0.0.1:
  version "0.0.1"

json-buffer@3.0.1:
  version "3.0.1"

jsonfile@^4.0.0:
  version "4.0.0"
  optionalDependencies:
    graceful-fs "^4.1.6"

keyv@^4.5.2:
  version "4.5.2"
  dependencies:
    json-buffer "3.0.1"

levn@~0.3.0:
  version "0.3.0"
  dependencies:
    prelude-ls "~1.1.2"
    type-check "~0.3.2"

lowercase-keys@^3.0.0:
  version "3.0.0"

lru-cache@^5.1.1:
  version "5.1.1"
  dependencies:
    yallist "^3.0.2"

mimic-response@^3.1.0:
  version "3.1.0"

mimic-response@^4.0.0:
  version "4.0.0"

ms@2.1.2:
  version "2.1.2"

netmask@^2.0.2:
  version "2.0.2"

normalize-url@^8.0.0:
  version "8.0.0"

optionator@^0.8.1:
  version "0.8.3"
  dependencies:
    deep-is "~0.1.3"
    fast-levenshtein "~2.0.6"
    levn "~0.3.0"
    prelude-ls "~1.1.2"
    type-check "~0.3.2"
    word-wrap "~1.2.3"

p-cancelable@^3.0.0:
  version "3.0.0"

pac-proxy-agent@^5.0.0:
  version "5.0.0"
  dependencies:
    "@tootallnate/once" "1"
    agent-base "6"
    debug "4"
    get-uri "3"
    http-proxy-agent "^4.0.1"
    https-proxy-agent "5"
    pac-resolver "^5.0.0"
    raw-body "^2.2.0"
    socks-proxy-agent "5"

pac-resolver@^5.0.0:
  version "5.0.1"
  dependencies:
    degenerator "^3.0.2"
    ip "^1.1.5"
    netmask "^2.0.2"

prelude-ls@~1.1.2:
  version "1.1.2"

proxy-agent@^5.0.0:
  version "5.0.0"
  dependencies:
    agent-base "^6.0.0"
    debug "4"
    http-proxy-agent "^4.0.0"
    https-proxy-agent "^5.0.0"
    lru-cache "^5.1.1"
    pac-proxy-agent "^5.0.0"
    proxy-from-env "^1.0.0"
    socks-proxy-agent "^5.0.0"

proxy-from-env@^1.0.0:
  version "1.1.0"

quick-lru@^5.1.1:
  version "5.1.1"

raw-body@^2.2.0:
  version "2.5.1"
  dependencies:
    bytes "3.1.2"
    http-errors "2.0.0"
    iconv-lite "0.4.24"
    unpipe "1.0.0"

readable-stream@1.1.x:
  version "1.1.14"
  dependencies:
    core-util-is "~1.0.0"
    inherits "~2.0.1"
    isarray "0.0.1"
    string_decoder "~0.10.x"

require-directory@^2.1.1:
  version "2.1.1"

resolve-alpn@^1.2.0:
  version "1.2.1"

responselike@^3.0.0:
  version "3.0.0"
  dependencies:
    lowercase-keys "^3.0.0"

"safer-buffer@>= 2.1.2 < 3":
  version "2.1.2"

setprototypeof@1.2.0:
  version "1.2.0"

smart-buffer@^4.2.0:
  version "4.2.0"

socks-proxy-agent@^5.0.0, socks-proxy-agent@5:
  version "5.0.1"
  dependencies:
    agent-base "^6.0.2"
    debug "4"
    socks "^2.3.3"

socks@^2.3.3:
  version "2.7.1"
  dependencies:
    ip "^2.0.0"
    smart-buffer "^4.2.0"

source-map@~0.6.1:
  version "0.6.1"

statuses@2.0.1:
  version "2.0.1"

string_decoder@~0.10.x:
  version "0.10.31"

string-width@^4.1.0, string-width@^4.2.0, string-width@^4.2.3:
  version "4.2.3"
  dependencies:
    emoji-regex "^8.0.0"
    is-fullwidth-code-point "^3.0.0"
    strip-ansi "^6.0.1"

strip-ansi@^6.0.0, strip-ansi@^6.0.1:
  version "6.0.1"
  dependencies:
    ansi-regex "^5.0.1"

toidentifier@1.0.1:
  version "1.0.1"

tslib@^2.0.1:
  version "2.5.0"

type-check@~0.3.2:
  version "0.3.2"
  dependencies:
    prelude-ls "~1.1.2"

universalify@^0.1.0:
  version "0.1.2"

unpipe@1.0.0:
  version "1.0.0"

vm2@^3.9.8:
  version "3.9.13"
  dependencies:
    acorn "^8.7.0"
    acorn-walk "^8.2.0"

word-wrap@~1.2.3:
  version "1.2.3"

wrap-ansi@^7.0.0:
  version "7.0.0"
  dependencies:
    ansi-styles "^4.0.0"
    string-width "^4.1.0"
    strip-ansi "^6.0.0"

xregexp@2.0.0:
  version "2.0.0"

y18n@^5.0.5:
  version "5.0.8"

yallist@^3.0.2:
  version "3.1.1"

yargs-parser@^21.1.1:
  version "21.1.1"

yargs@^17.6.2:
  version "17.6.2"
  dependencies:
    cliui "^8.0.1"
    escalade "^3.1.1"
    get-caller-file "^2.0.5"
    require-directory "^2.1.1"
    string-width "^4.2.3"
    y18n "^5.0.5"
    yargs-parser "^21.1.1"
