# This file is generated by running "yarn install" inside your project.
# Manual changes might be lost - proceed with caution!

__metadata:
  version: 6
  cacheKey: 8

"@sindresorhus/is@npm:^5.2.0":
  version: 5.3.0
  resolution: "@sindresorhus/is@npm:5.3.0"
  checksum: b31cebabcdece3d5322de2a4dbc8c0f004e04147a00f2606787bcaf5655ad4b1954f6727fc6914c524009b2b9a2cc01c42835b55f651ce69fd2a0083b60bb852
  languageName: node
  linkType: hard

"@szmarczak/http-timer@npm:^5.0.1":
  version: 5.0.1
  resolution: "@szmarczak/http-timer@npm:5.0.1"
  dependencies:
    defer-to-connect: ^2.0.1
  checksum: fc9cb993e808806692e4a3337c90ece0ec00c89f4b67e3652a356b89730da98bc824273a6d67ca84d5f33cd85f317dcd5ce39d8cc0a2f060145a608a7cb8ce92
  languageName: node
  linkType: hard

"@tootallnate/once@npm:1":
  version: 1.1.2
  resolution: "@tootallnate/once@npm:1.1.2"
  checksum: e1fb1bbbc12089a0cb9433dc290f97bddd062deadb6178ce9bcb93bb7c1aecde5e60184bc7065aec42fe1663622a213493c48bbd4972d931aae48315f18e1be9
  languageName: node
  linkType: hard

"@types/http-cache-semantics@npm:^4.0.1":
  version: 4.0.1
  resolution: "@types/http-cache-semantics@npm:4.0.1"
  checksum: 1048aacf627829f0d5f00184e16548205cd9f964bf0841c29b36bc504509230c40bc57c39778703a1c965a6f5b416ae2cbf4c1d4589c889d2838dd9dbfccf6e9
  languageName: node
  linkType: hard

"acorn-walk@npm:^8.2.0":
  version: 8.2.0
  resolution: "acorn-walk@npm:8.2.0"
  checksum: 1715e76c01dd7b2d4ca472f9c58968516a4899378a63ad5b6c2d668bba8da21a71976c14ec5f5b75f887b6317c4ae0b897ab141c831d741dc76024d8745f1ad1
  languageName: node
  linkType: hard

"acorn@npm:^8.7.0":
  version: 8.7.0
  resolution: "acorn@npm:8.7.0"
  bin:
    acorn: bin/acorn
  checksum: e0f79409d68923fbf1aa6d4166f3eedc47955320d25c89a20cc822e6ba7c48c5963d5bc657bc242d68f7a4ac9faf96eef033e8f73656da6c640d4219935fdfd0
  languageName: node
  linkType: hard

"agent-base@npm:6, agent-base@npm:^6.0.0, agent-base@npm:^6.0.2":
  version: 6.0.2
  resolution: "agent-base@npm:6.0.2"
  dependencies:
    debug: 4
  checksum: f52b6872cc96fd5f622071b71ef200e01c7c4c454ee68bc9accca90c98cfb39f2810e3e9aa330435835eedc8c23f4f8a15267f67c6e245d2b33757575bdac49d
  languageName: node
  linkType: hard

"ansi-regex@npm:^5.0.1":
  version: 5.0.1
  resolution: "ansi-regex@npm:5.0.1"
  checksum: 2aa4bb54caf2d622f1afdad09441695af2a83aa3fe8b8afa581d205e57ed4261c183c4d3877cee25794443fde5876417d859c108078ab788d6af7e4fe52eb66b
  languageName: node
  linkType: hard

"ansi-styles@npm:^4.0.0":
  version: 4.3.0
  resolution: "ansi-styles@npm:4.3.0"
  dependencies:
    color-convert: ^2.0.1
  checksum: 513b44c3b2105dd14cc42a19271e80f386466c4be574bccf60b627432f9198571ebf4ab1e4c3ba17347658f4ee1711c163d574248c0c1cdc2d5917a0ad582ec4
  languageName: node
  linkType: hard

"ast-types@npm:^0.13.2":
  version: 0.13.4
  resolution: "ast-types@npm:0.13.4"
  dependencies:
    tslib: ^2.0.1
  checksum: 5a51f7b70588ecced3601845a0e203279ca2f5fdc184416a0a1640c93ec0a267241d6090a328e78eebb8de81f8754754e0a4f1558ba2a3d638f8ccbd0b1f0eff
  languageName: node
  linkType: hard

"bytes@npm:3.1.1":
  version: 3.1.1
  resolution: "bytes@npm:3.1.1"
  checksum: 949ab99a385d6acf4d2c69f1afc618615dc905936e0b0b9aa94a9e94d722baaba44d6a0851536585a0892ae4d462b5a270ccb1b04c774640742cbde5538ca328
  languageName: node
  linkType: hard

"cacheable-lookup@npm:^7.0.0":
  version: 7.0.0
  resolution: "cacheable-lookup@npm:7.0.0"
  checksum: 9e2856763fc0a7347ab34d704c010440b819d4bb5e3593b664381b7433e942dd22e67ee5581f12256f908e79b82d30b86ebbacf40a081bfe10ee93fbfbc2d6a9
  languageName: node
  linkType: hard

"cacheable-request@npm:^10.2.1":
  version: 10.2.7
  resolution: "cacheable-request@npm:10.2.7"
  dependencies:
    "@types/http-cache-semantics": ^4.0.1
    get-stream: ^6.0.1
    http-cache-semantics: ^4.1.1
    keyv: ^4.5.2
    mimic-response: ^4.0.0
    normalize-url: ^8.0.0
    responselike: ^3.0.0
  checksum: 25cfbe0cab755bcee3bf6610b0253414e583289f795a28035616bf3186ecb303e8caf1943cbf42d92410b3f24124a1cdd663dd8ff52ac2c997a5129de5e9557a
  languageName: node
  linkType: hard

"cliui@npm:^8.0.1":
  version: 8.0.1
  resolution: "cliui@npm:8.0.1"
  dependencies:
    string-width: ^4.2.0
    strip-ansi: ^6.0.1
    wrap-ansi: ^7.0.0
  checksum: 79648b3b0045f2e285b76fb2e24e207c6db44323581e421c3acbd0e86454cba1b37aea976ab50195a49e7384b871e6dfb2247ad7dec53c02454ac6497394cb56
  languageName: node
  linkType: hard

"color-convert@npm:^2.0.1":
  version: 2.0.1
  resolution: "color-convert@npm:2.0.1"
  dependencies:
    color-name: ~1.1.4
  checksum: 79e6bdb9fd479a205c71d89574fccfb22bd9053bd98c6c4d870d65c132e5e904e6034978e55b43d69fcaa7433af2016ee203ce76eeba9cfa554b373e7f7db336
  languageName: node
  linkType: hard

"color-name@npm:~1.1.4":
  version: 1.1.4
  resolution: "color-name@npm:1.1.4"
  checksum: b0445859521eb4021cd0fb0cc1a75cecf67fceecae89b63f62b201cca8d345baf8b952c966862a9d9a2632987d4f6581f0ec8d957dfacece86f0a7919316f610
  languageName: node
  linkType: hard

"core-util-is@npm:~1.0.0":
  version: 1.0.3
  resolution: "core-util-is@npm:1.0.3"
  checksum: 9de8597363a8e9b9952491ebe18167e3b36e7707569eed0ebf14f8bba773611376466ae34575bca8cfe3c767890c859c74056084738f09d4e4a6f902b2ad7d99
  languageName: node
  linkType: hard

"data-uri-to-buffer@npm:3":
  version: 3.0.1
  resolution: "data-uri-to-buffer@npm:3.0.1"
  checksum: c59c3009686a78c071806b72f4810856ec28222f0f4e252aa495ec027ed9732298ceea99c50328cf59b151dd34cbc3ad6150bbb43e41fc56fa19f48c99e9fc30
  languageName: node
  linkType: hard

"debug@npm:4":
  version: 4.3.2
  resolution: "debug@npm:4.3.2"
  dependencies:
    ms: 2.1.2
  peerDependenciesMeta:
    supports-color:
      optional: true
  checksum: 820ea160e267e23c953c9ed87e7ad93494d8cda2f7349af5e7e3bb236d23707ee3022f477d5a7d2ee86ef2bf7d60aa9ab22d1f58080d7deb9dccd073585e1e43
  languageName: node
  linkType: hard

"decompress-response@npm:^6.0.0":
  version: 6.0.0
  resolution: "decompress-response@npm:6.0.0"
  dependencies:
    mimic-response: ^3.1.0
  checksum: d377cf47e02d805e283866c3f50d3d21578b779731e8c5072d6ce8c13cc31493db1c2f6784da9d1d5250822120cefa44f1deab112d5981015f2e17444b763812
  languageName: node
  linkType: hard

"deep-is@npm:~0.1.3":
  version: 0.1.4
  resolution: "deep-is@npm:0.1.4"
  checksum: edb65dd0d7d1b9c40b2f50219aef30e116cedd6fc79290e740972c132c09106d2e80aa0bc8826673dd5a00222d4179c84b36a790eef63a4c4bca75a37ef90804
  languageName: node
  linkType: hard

"defer-to-connect@npm:^2.0.1":
  version: 2.0.1
  resolution: "defer-to-connect@npm:2.0.1"
  checksum: 8a9b50d2f25446c0bfefb55a48e90afd58f85b21bcf78e9207cd7b804354f6409032a1705c2491686e202e64fc05f147aa5aa45f9aa82627563f045937f5791b
  languageName: node
  linkType: hard

"degenerator@npm:^3.0.1":
  version: 3.0.1
  resolution: "degenerator@npm:3.0.1"
  dependencies:
    ast-types: ^0.13.2
    escodegen: ^1.8.1
    esprima: ^4.0.0
    vm2: ^3.9.3
  checksum: 110d5fa772933d21484995e518feeb2ea54e5804421edf8546900973a227dcdf621a0cbac0a5d0a13273424ea3763aba815246dfffa386483f5480d60f50bed1
  languageName: node
  linkType: hard

"depd@npm:~1.1.2":
  version: 1.1.2
  resolution: "depd@npm:1.1.2"
  checksum: 6b406620d269619852885ce15965272b829df6f409724415e0002c8632ab6a8c0a08ec1f0bd2add05dc7bd7507606f7e2cc034fa24224ab829580040b835ecd9
  languageName: node
  linkType: hard

"dotenv@npm:^16.0.3":
  version: 16.0.3
  resolution: "dotenv@npm:16.0.3"
  checksum: afcf03f373d7a6d62c7e9afea6328e62851d627a4e73f2e12d0a8deae1cd375892004f3021883f8aec85932cd2834b091f568ced92b4774625b321db83b827f8
  languageName: node
  linkType: hard

"emoji-regex@npm:^8.0.0":
  version: 8.0.0
  resolution: "emoji-regex@npm:8.0.0"
  checksum: d4c5c39d5a9868b5fa152f00cada8a936868fd3367f33f71be515ecee4c803132d11b31a6222b2571b1e5f7e13890156a94880345594d0ce7e3c9895f560f192
  languageName: node
  linkType: hard

"escalade@npm:^3.1.1":
  version: 3.1.1
  resolution: "escalade@npm:3.1.1"
  checksum: a3e2a99f07acb74b3ad4989c48ca0c3140f69f923e56d0cba0526240ee470b91010f9d39001f2a4a313841d237ede70a729e92125191ba5d21e74b106800b133
  languageName: node
  linkType: hard

"escodegen@npm:^1.8.1":
  version: 1.14.3
  resolution: "escodegen@npm:1.14.3"
  dependencies:
    esprima: ^4.0.1
    estraverse: ^4.2.0
    esutils: ^2.0.2
    optionator: ^0.8.1
    source-map: ~0.6.1
  dependenciesMeta:
    source-map:
      optional: true
  bin:
    escodegen: bin/escodegen.js
    esgenerate: bin/esgenerate.js
  checksum: 381cdc4767ecdb221206bbbab021b467bbc2a6f5c9a99c9e6353040080bdd3dfe73d7604ad89a47aca6ea7d58bc635f6bd3fbc8da9a1998e9ddfa8372362ccd0
  languageName: node
  linkType: hard

"esprima@npm:^4.0.0, esprima@npm:^4.0.1":
  version: 4.0.1
  resolution: "esprima@npm:4.0.1"
  bin:
    esparse: ./bin/esparse.js
    esvalidate: ./bin/esvalidate.js
  checksum: b45bc805a613dbea2835278c306b91aff6173c8d034223fa81498c77dcbce3b2931bf6006db816f62eacd9fd4ea975dfd85a5b7f3c6402cfd050d4ca3c13a628
  languageName: node
  linkType: hard

"estraverse@npm:^4.2.0":
  version: 4.3.0
  resolution: "estraverse@npm:4.3.0"
  checksum: a6299491f9940bb246124a8d44b7b7a413a8336f5436f9837aaa9330209bd9ee8af7e91a654a3545aee9c54b3308e78ee360cef1d777d37cfef77d2fa33b5827
  languageName: node
  linkType: hard

"esutils@npm:^2.0.2":
  version: 2.0.3
  resolution: "esutils@npm:2.0.3"
  checksum: 22b5b08f74737379a840b8ed2036a5fb35826c709ab000683b092d9054e5c2a82c27818f12604bfc2a9a76b90b6834ef081edbc1c7ae30d1627012e067c6ec87
  languageName: node
  linkType: hard

"fast-levenshtein@npm:~2.0.6":
  version: 2.0.6
  resolution: "fast-levenshtein@npm:2.0.6"
  checksum: 92cfec0a8dfafd9c7a15fba8f2cc29cd0b62b85f056d99ce448bbcd9f708e18ab2764bda4dd5158364f4145a7c72788538994f0d1787b956ef0d1062b0f7c24c
  languageName: node
  linkType: hard

"file-uri-to-path@npm:2":
  version: 2.0.0
  resolution: "file-uri-to-path@npm:2.0.0"
  checksum: 4a71a99ddaa6ae7ae7bffe2948c34da59982ed465d930a0af9cb59fcc10fcd93366cc356ec3337c18373fde5df7ac52afda4558f155febd1799d135552207edb
  languageName: node
  linkType: hard

"form-data-encoder@npm:^2.1.2":
  version: 2.1.2
  resolution: "form-data-encoder@npm:2.1.2"
  checksum: 5c6401e3ebd2ba2adfa151c9fbd1df5adae8b1dd7bca5b18ab25ad1f9b83e20ddffb6b9ff77f5006b93d7ec2032e22828c9543c0bd4b2bc5b05335c31a3ba5b9
  languageName: node
  linkType: hard

"fs-extra@npm:^8.1.0":
  version: 8.1.0
  resolution: "fs-extra@npm:8.1.0"
  dependencies:
    graceful-fs: ^4.2.0
    jsonfile: ^4.0.0
    universalify: ^0.1.0
  checksum: bf44f0e6cea59d5ce071bba4c43ca76d216f89e402dc6285c128abc0902e9b8525135aa808adad72c9d5d218e9f4bcc63962815529ff2f684ad532172a284880
  languageName: node
  linkType: hard

"ftp@npm:^0.3.10":
  version: 0.3.10
  resolution: "ftp@npm:0.3.10"
  dependencies:
    readable-stream: 1.1.x
    xregexp: 2.0.0
  checksum: ddd313c1d44eb7429f3a7d77a0155dc8fe86a4c64dca58f395632333ce4b4e74c61413c6e0ef66ea3f3d32d905952fbb6d028c7117d522f793eb1fa282e17357
  languageName: node
  linkType: hard

"get-caller-file@npm:^2.0.5":
  version: 2.0.5
  resolution: "get-caller-file@npm:2.0.5"
  checksum: b9769a836d2a98c3ee734a88ba712e62703f1df31b94b784762c433c27a386dd6029ff55c2a920c392e33657d80191edbf18c61487e198844844516f843496b9
  languageName: node
  linkType: hard

"get-stream@npm:^6.0.1":
  version: 6.0.1
  resolution: "get-stream@npm:6.0.1"
  checksum: e04ecece32c92eebf5b8c940f51468cd53554dcbb0ea725b2748be583c9523d00128137966afce410b9b051eb2ef16d657cd2b120ca8edafcf5a65e81af63cad
  languageName: node
  linkType: hard

"get-uri@npm:3":
  version: 3.0.2
  resolution: "get-uri@npm:3.0.2"
  dependencies:
    "@tootallnate/once": 1
    data-uri-to-buffer: 3
    debug: 4
    file-uri-to-path: 2
    fs-extra: ^8.1.0
    ftp: ^0.3.10
  checksum: 5325b2906b08ca37529ca421cf52bc50376e75c6a945e0a8064e3f76b4bb67b8ab1e316a2fc7a307c8c606ab36d030720f39a57c97b027ff1134335e12102946
  languageName: node
  linkType: hard

"got@npm:^12.5.3":
  version: 12.5.3
  resolution: "got@npm:12.5.3"
  dependencies:
    "@sindresorhus/is": ^5.2.0
    "@szmarczak/http-timer": ^5.0.1
    cacheable-lookup: ^7.0.0
    cacheable-request: ^10.2.1
    decompress-response: ^6.0.0
    form-data-encoder: ^2.1.2
    get-stream: ^6.0.1
    http2-wrapper: ^2.1.10
    lowercase-keys: ^3.0.0
    p-cancelable: ^3.0.0
    responselike: ^3.0.0
  checksum: e35ea3ccdb5f2c36d0bb9648a6a87300d017900ce2e647ad95f54a6fb674a82fe7d53b2c838542d15a9fa25290cc5361d6f82cadac3e94b2e91d93b5670cf304
  languageName: node
  linkType: hard

"graceful-fs@npm:^4.1.6, graceful-fs@npm:^4.2.0":
  version: 4.2.8
  resolution: "graceful-fs@npm:4.2.8"
  checksum: 5d224c8969ad0581d551dfabdb06882706b31af2561bd5e2034b4097e67cc27d05232849b8643866585fd0a41c7af152950f8776f4dd5579e9853733f31461c6
  languageName: node
  linkType: hard

"http-cache-semantics@npm:^4.1.1":
  version: 4.1.1
  resolution: "http-cache-semantics@npm:4.1.1"
  checksum: 83ac0bc60b17a3a36f9953e7be55e5c8f41acc61b22583060e8dedc9dd5e3607c823a88d0926f9150e571f90946835c7fe150732801010845c72cd8bbff1a236
  languageName: node
  linkType: hard

"http-errors@npm:1.8.1":
  version: 1.8.1
  resolution: "http-errors@npm:1.8.1"
  dependencies:
    depd: ~1.1.2
    inherits: 2.0.4
    setprototypeof: 1.2.0
    statuses: ">= 1.5.0 < 2"
    toidentifier: 1.0.1
  checksum: d3c7e7e776fd51c0a812baff570bdf06fe49a5dc448b700ab6171b1250e4cf7db8b8f4c0b133e4bfe2451022a5790c1ca6c2cae4094dedd6ac8304a1267f91d2
  languageName: node
  linkType: hard

"http-proxy-agent@npm:^4.0.0, http-proxy-agent@npm:^4.0.1":
  version: 4.0.1
  resolution: "http-proxy-agent@npm:4.0.1"
  dependencies:
    "@tootallnate/once": 1
    agent-base: 6
    debug: 4
  checksum: c6a5da5a1929416b6bbdf77b1aca13888013fe7eb9d59fc292e25d18e041bb154a8dfada58e223fc7b76b9b2d155a87e92e608235201f77d34aa258707963a82
  languageName: node
  linkType: hard

"http2-wrapper@npm:^2.1.10":
  version: 2.1.10
  resolution: "http2-wrapper@npm:2.1.10"
  dependencies:
    quick-lru: ^5.1.1
    resolve-alpn: ^1.2.0
  checksum: 54de29576081469998fe48a0de61026dc212373b7e9028fb1b3c393a0aba49610d53e4b8b35cb1d8e40e0c32925705d6c3fb7c7babf8c5ab7953c69149d0ab9d
  languageName: node
  linkType: hard

"https-proxy-agent@npm:5, https-proxy-agent@npm:^5.0.0":
  version: 5.0.0
  resolution: "https-proxy-agent@npm:5.0.0"
  dependencies:
    agent-base: 6
    debug: 4
  checksum: 165bfb090bd26d47693597661298006841ab733d0c7383a8cb2f17373387a94c903a3ac687090aa739de05e379ab6f868bae84ab4eac288ad85c328cd1ec9e53
  languageName: node
  linkType: hard

"iconv-lite@npm:0.4.24":
  version: 0.4.24
  resolution: "iconv-lite@npm:0.4.24"
  dependencies:
    safer-buffer: ">= 2.1.2 < 3"
  checksum: bd9f120f5a5b306f0bc0b9ae1edeb1577161503f5f8252a20f1a9e56ef8775c9959fd01c55f2d3a39d9a8abaf3e30c1abeb1895f367dcbbe0a8fd1c9ca01c4f6
  languageName: node
  linkType: hard

"inherits@npm:2.0.4, inherits@npm:~2.0.1":
  version: 2.0.4
  resolution: "inherits@npm:2.0.4"
  checksum: 4a48a733847879d6cf6691860a6b1e3f0f4754176e4d71494c41f3475553768b10f84b5ce1d40fbd0e34e6bfbb864ee35858ad4dd2cf31e02fc4a154b724d7f1
  languageName: node
  linkType: hard

"ip@npm:^1.1.5":
  version: 1.1.5
  resolution: "ip@npm:1.1.5"
  checksum: 30133981f082a060a32644f6a7746e9ba7ac9e2bc07ecc8bbdda3ee8ca9bec1190724c390e45a1ee7695e7edfd2a8f7dda2c104ec5f7ac5068c00648504c7e5a
  languageName: node
  linkType: hard

"is-fullwidth-code-point@npm:^3.0.0":
  version: 3.0.0
  resolution: "is-fullwidth-code-point@npm:3.0.0"
  checksum: 44a30c29457c7fb8f00297bce733f0a64cd22eca270f83e58c105e0d015e45c019491a4ab2faef91ab51d4738c670daff901c799f6a700e27f7314029e99e348
  languageName: node
  linkType: hard

"isarray@npm:0.0.1":
  version: 0.0.1
  resolution: "isarray@npm:0.0.1"
  checksum: 49191f1425681df4a18c2f0f93db3adb85573bcdd6a4482539d98eac9e705d8961317b01175627e860516a2fc45f8f9302db26e5a380a97a520e272e2a40a8d4
  languageName: node
  linkType: hard

"json-buffer@npm:3.0.1":
  version: 3.0.1
  resolution: "json-buffer@npm:3.0.1"
  checksum: 9026b03edc2847eefa2e37646c579300a1f3a4586cfb62bf857832b60c852042d0d6ae55d1afb8926163fa54c2b01d83ae24705f34990348bdac6273a29d4581
  languageName: node
  linkType: hard

"jsonfile@npm:^4.0.0":
  version: 4.0.0
  resolution: "jsonfile@npm:4.0.0"
  dependencies:
    graceful-fs: ^4.1.6
  dependenciesMeta:
    graceful-fs:
      optional: true
  checksum: 6447d6224f0d31623eef9b51185af03ac328a7553efcee30fa423d98a9e276ca08db87d71e17f2310b0263fd3ffa6c2a90a6308367f661dc21580f9469897c9e
  languageName: node
  linkType: hard

"keyv@npm:^4.5.2":
  version: 4.5.2
  resolution: "keyv@npm:4.5.2"
  dependencies:
    json-buffer: 3.0.1
  checksum: 13ad58303acd2261c0d4831b4658451603fd159e61daea2121fcb15feb623e75ee328cded0572da9ca76b7b3ceaf8e614f1806c6b3af5db73c9c35a345259651
  languageName: node
  linkType: hard

"levn@npm:~0.3.0":
  version: 0.3.0
  resolution: "levn@npm:0.3.0"
  dependencies:
    prelude-ls: ~1.1.2
    type-check: ~0.3.2
  checksum: 0d084a524231a8246bb10fec48cdbb35282099f6954838604f3c7fc66f2e16fa66fd9cc2f3f20a541a113c4dafdf181e822c887c8a319c9195444e6c64ac395e
  languageName: node
  linkType: hard

"lowercase-keys@npm:^3.0.0":
  version: 3.0.0
  resolution: "lowercase-keys@npm:3.0.0"
  checksum: 67a3f81409af969bc0c4ca0e76cd7d16adb1e25aa1c197229587eaf8671275c8c067cd421795dbca4c81be0098e4c426a086a05e30de8a9c587b7a13c0c7ccc5
  languageName: node
  linkType: hard

"lru-cache@npm:^5.1.1":
  version: 5.1.1
  resolution: "lru-cache@npm:5.1.1"
  dependencies:
    yallist: ^3.0.2
  checksum: c154ae1cbb0c2206d1501a0e94df349653c92c8cbb25236d7e85190bcaf4567a03ac6eb43166fabfa36fd35623694da7233e88d9601fbf411a9a481d85dbd2cb
  languageName: node
  linkType: hard

"mimic-response@npm:^3.1.0":
  version: 3.1.0
  resolution: "mimic-response@npm:3.1.0"
  checksum: 25739fee32c17f433626bf19f016df9036b75b3d84a3046c7d156e72ec963dd29d7fc8a302f55a3d6c5a4ff24259676b15d915aad6480815a969ff2ec0836867
  languageName: node
  linkType: hard

"mimic-response@npm:^4.0.0":
  version: 4.0.0
  resolution: "mimic-response@npm:4.0.0"
  checksum: 33b804cc961efe206efdb1fca6a22540decdcfce6c14eb5c0c50e5ae9022267ab22ce8f5568b1f7247ba67500fe20d523d81e0e9f009b321ccd9d472e78d1850
  languageName: node
  linkType: hard

"ms@npm:2.1.2":
  version: 2.1.2
  resolution: "ms@npm:2.1.2"
  checksum: 673cdb2c3133eb050c745908d8ce632ed2c02d85640e2edb3ace856a2266a813b30c613569bf3354fdf4ea7d1a1494add3bfa95e2713baa27d0c2c71fc44f58f
  languageName: node
  linkType: hard

"netmask@npm:^2.0.1":
  version: 2.0.2
  resolution: "netmask@npm:2.0.2"
  checksum: c65cb8d3f7ea5669edddb3217e4c96910a60d0d9a4b52d9847ff6b28b2d0277cd8464eee0ef85133cdee32605c57940cacdd04a9a019079b091b6bba4cb0ec22
  languageName: node
  linkType: hard

"normalize-url@npm:^8.0.0":
  version: 8.0.0
  resolution: "normalize-url@npm:8.0.0"
  checksum: 24c20b75ebfd526d8453084692720b49d111c63c0911f1b7447427829597841eef5a8ba3f6bb93d6654007b991c1f5cd85da2c907800e439e2e2ec6c2abd0fc0
  languageName: node
  linkType: hard

"optionator@npm:^0.8.1":
  version: 0.8.3
  resolution: "optionator@npm:0.8.3"
  dependencies:
    deep-is: ~0.1.3
    fast-levenshtein: ~2.0.6
    levn: ~0.3.0
    prelude-ls: ~1.1.2
    type-check: ~0.3.2
    word-wrap: ~1.2.3
  checksum: b8695ddf3d593203e25ab0900e265d860038486c943ff8b774f596a310f8ceebdb30c6832407a8198ba3ec9debe1abe1f51d4aad94843612db3b76d690c61d34
  languageName: node
  linkType: hard

"p-cancelable@npm:^3.0.0":
  version: 3.0.0
  resolution: "p-cancelable@npm:3.0.0"
  checksum: 2b5ae34218f9c2cf7a7c18e5d9a726ef9b165ef07e6c959f6738371509e747334b5f78f3bcdeb03d8a12dcb978faf641fd87eb21486ed7d36fb823b8ddef3219
  languageName: node
  linkType: hard

"pac-proxy-agent@npm:^5.0.0":
  version: 5.0.0
  resolution: "pac-proxy-agent@npm:5.0.0"
  dependencies:
    "@tootallnate/once": 1
    agent-base: 6
    debug: 4
    get-uri: 3
    http-proxy-agent: ^4.0.1
    https-proxy-agent: 5
    pac-resolver: ^5.0.0
    raw-body: ^2.2.0
    socks-proxy-agent: 5
  checksum: cfd26a0e2ebfea4ca6162465018ce093bf147d26cf6c8fb3e7155bc7c184370d80d4d09a1c097e3db7676d0e3f574ea1cb56a4aa7d1d2e5cca6238935fabf010
  languageName: node
  linkType: hard

"pac-resolver@npm:^5.0.0":
  version: 5.0.0
  resolution: "pac-resolver@npm:5.0.0"
  dependencies:
    degenerator: ^3.0.1
    ip: ^1.1.5
    netmask: ^2.0.1
  checksum: d6c0f86917bcb759136f47ded0818f14bf2b424a1c3efe6e11bdb9728e5465bfefd05c163f9808766b06605aa0d211c538583293c72dca4c499452493550f4d7
  languageName: node
  linkType: hard

"pokemon-tv-dumps@workspace:.":
  version: 0.0.0-use.local
  resolution: "pokemon-tv-dumps@workspace:."
  dependencies:
    dotenv: ^16.0.3
    got: ^12.5.3
    proxy-agent: ^5.0.0
    yargs: ^17.6.2
  languageName: unknown
  linkType: soft

"prelude-ls@npm:~1.1.2":
  version: 1.1.2
  resolution: "prelude-ls@npm:1.1.2"
  checksum: c4867c87488e4a0c233e158e4d0d5565b609b105d75e4c05dc760840475f06b731332eb93cc8c9cecb840aa8ec323ca3c9a56ad7820ad2e63f0261dadcb154e4
  languageName: node
  linkType: hard

"proxy-agent@npm:^5.0.0":
  version: 5.0.0
  resolution: "proxy-agent@npm:5.0.0"
  dependencies:
    agent-base: ^6.0.0
    debug: 4
    http-proxy-agent: ^4.0.0
    https-proxy-agent: ^5.0.0
    lru-cache: ^5.1.1
    pac-proxy-agent: ^5.0.0
    proxy-from-env: ^1.0.0
    socks-proxy-agent: ^5.0.0
  checksum: 3b0bb73a4d3a07711d3cad72b2fa4320880f7a6ec1959cdcc186ac6ffb173db8137d7c4046c27fdfa6e2207b2eb75e802f3d5e14c766700586ec4d47299a5124
  languageName: node
  linkType: hard

"proxy-from-env@npm:^1.0.0":
  version: 1.1.0
  resolution: "proxy-from-env@npm:1.1.0"
  checksum: ed7fcc2ba0a33404958e34d95d18638249a68c430e30fcb6c478497d72739ba64ce9810a24f53a7d921d0c065e5b78e3822759800698167256b04659366ca4d4
  languageName: node
  linkType: hard

"quick-lru@npm:^5.1.1":
  version: 5.1.1
  resolution: "quick-lru@npm:5.1.1"
  checksum: a516faa25574be7947969883e6068dbe4aa19e8ef8e8e0fd96cddd6d36485e9106d85c0041a27153286b0770b381328f4072aa40d3b18a19f5f7d2b78b94b5ed
  languageName: node
  linkType: hard

"raw-body@npm:^2.2.0":
  version: 2.4.2
  resolution: "raw-body@npm:2.4.2"
  dependencies:
    bytes: 3.1.1
    http-errors: 1.8.1
    iconv-lite: 0.4.24
    unpipe: 1.0.0
  checksum: c6f8d6a75c65c0a047f888cb29efc97f60fb36e950ba2cb31fefce694f98186e844a03367920faa7dc5bffaf33df08aee0b9dd935280e366439fa6492a5b163e
  languageName: node
  linkType: hard

"readable-stream@npm:1.1.x":
  version: 1.1.14
  resolution: "readable-stream@npm:1.1.14"
  dependencies:
    core-util-is: ~1.0.0
    inherits: ~2.0.1
    isarray: 0.0.1
    string_decoder: ~0.10.x
  checksum: 17dfeae3e909945a4a1abc5613ea92d03269ef54c49288599507fc98ff4615988a1c39a999dcf9aacba70233d9b7040bc11a5f2bfc947e262dedcc0a8b32b5a0
  languageName: node
  linkType: hard

"require-directory@npm:^2.1.1":
  version: 2.1.1
  resolution: "require-directory@npm:2.1.1"
  checksum: fb47e70bf0001fdeabdc0429d431863e9475e7e43ea5f94ad86503d918423c1543361cc5166d713eaa7029dd7a3d34775af04764bebff99ef413111a5af18c80
  languageName: node
  linkType: hard

"resolve-alpn@npm:^1.2.0":
  version: 1.2.1
  resolution: "resolve-alpn@npm:1.2.1"
  checksum: f558071fcb2c60b04054c99aebd572a2af97ef64128d59bef7ab73bd50d896a222a056de40ffc545b633d99b304c259ea9d0c06830d5c867c34f0bfa60b8eae0
  languageName: node
  linkType: hard

"responselike@npm:^3.0.0":
  version: 3.0.0
  resolution: "responselike@npm:3.0.0"
  dependencies:
    lowercase-keys: ^3.0.0
  checksum: e0cc9be30df4f415d6d83cdede3c5c887cd4a73e7cc1708bcaab1d50a28d15acb68460ac5b02bcc55a42f3d493729c8856427dcf6e57e6e128ad05cba4cfb95e
  languageName: node
  linkType: hard

"safer-buffer@npm:>= 2.1.2 < 3":
  version: 2.1.2
  resolution: "safer-buffer@npm:2.1.2"
  checksum: cab8f25ae6f1434abee8d80023d7e72b598cf1327164ddab31003c51215526801e40b66c5e65d658a0af1e9d6478cadcb4c745f4bd6751f97d8644786c0978b0
  languageName: node
  linkType: hard

"setprototypeof@npm:1.2.0":
  version: 1.2.0
  resolution: "setprototypeof@npm:1.2.0"
  checksum: be18cbbf70e7d8097c97f713a2e76edf84e87299b40d085c6bf8b65314e994cc15e2e317727342fa6996e38e1f52c59720b53fe621e2eb593a6847bf0356db89
  languageName: node
  linkType: hard

"smart-buffer@npm:^4.1.0":
  version: 4.2.0
  resolution: "smart-buffer@npm:4.2.0"
  checksum: b5167a7142c1da704c0e3af85c402002b597081dd9575031a90b4f229ca5678e9a36e8a374f1814c8156a725d17008ae3bde63b92f9cfd132526379e580bec8b
  languageName: node
  linkType: hard

"socks-proxy-agent@npm:5, socks-proxy-agent@npm:^5.0.0":
  version: 5.0.1
  resolution: "socks-proxy-agent@npm:5.0.1"
  dependencies:
    agent-base: ^6.0.2
    debug: 4
    socks: ^2.3.3
  checksum: 1b60c4977b2fef783f0fc4dc619cd2758aafdb43f3cf679f1e3627cb6c6e752811cee5513ebb4157ad26786033d2f85029440f197d321e8293b38cc5aab01e06
  languageName: node
  linkType: hard

"socks@npm:^2.3.3":
  version: 2.6.1
  resolution: "socks@npm:2.6.1"
  dependencies:
    ip: ^1.1.5
    smart-buffer: ^4.1.0
  checksum: 2ca9d616e424f645838ebaabb04f85d94ea999e0f8393dc07f86c435af22ed88cb83958feeabd1bb7bc537c635ed47454255635502c6808a6df61af1f41af750
  languageName: node
  linkType: hard

"source-map@npm:~0.6.1":
  version: 0.6.1
  resolution: "source-map@npm:0.6.1"
  checksum: 59ce8640cf3f3124f64ac289012c2b8bd377c238e316fb323ea22fbfe83da07d81e000071d7242cad7a23cd91c7de98e4df8830ec3f133cb6133a5f6e9f67bc2
  languageName: node
  linkType: hard

"statuses@npm:>= 1.5.0 < 2":
  version: 1.5.0
  resolution: "statuses@npm:1.5.0"
  checksum: c469b9519de16a4bb19600205cffb39ee471a5f17b82589757ca7bd40a8d92ebb6ed9f98b5a540c5d302ccbc78f15dc03cc0280dd6e00df1335568a5d5758a5c
  languageName: node
  linkType: hard

"string-width@npm:^4.1.0, string-width@npm:^4.2.0, string-width@npm:^4.2.3":
  version: 4.2.3
  resolution: "string-width@npm:4.2.3"
  dependencies:
    emoji-regex: ^8.0.0
    is-fullwidth-code-point: ^3.0.0
    strip-ansi: ^6.0.1
  checksum: e52c10dc3fbfcd6c3a15f159f54a90024241d0f149cf8aed2982a2d801d2e64df0bf1dc351cf8e95c3319323f9f220c16e740b06faecd53e2462df1d2b5443fb
  languageName: node
  linkType: hard

"string_decoder@npm:~0.10.x":
  version: 0.10.31
  resolution: "string_decoder@npm:0.10.31"
  checksum: fe00f8e303647e5db919948ccb5ce0da7dea209ab54702894dd0c664edd98e5d4df4b80d6fabf7b9e92b237359d21136c95bf068b2f7760b772ca974ba970202
  languageName: node
  linkType: hard

"strip-ansi@npm:^6.0.0, strip-ansi@npm:^6.0.1":
  version: 6.0.1
  resolution: "strip-ansi@npm:6.0.1"
  dependencies:
    ansi-regex: ^5.0.1
  checksum: f3cd25890aef3ba6e1a74e20896c21a46f482e93df4a06567cebf2b57edabb15133f1f94e57434e0a958d61186087b1008e89c94875d019910a213181a14fc8c
  languageName: node
  linkType: hard

"toidentifier@npm:1.0.1":
  version: 1.0.1
  resolution: "toidentifier@npm:1.0.1"
  checksum: 952c29e2a85d7123239b5cfdd889a0dde47ab0497f0913d70588f19c53f7e0b5327c95f4651e413c74b785147f9637b17410ac8c846d5d4a20a5a33eb6dc3a45
  languageName: node
  linkType: hard

"tslib@npm:^2.0.1":
  version: 2.3.1
  resolution: "tslib@npm:2.3.1"
  checksum: de17a98d4614481f7fcb5cd53ffc1aaf8654313be0291e1bfaee4b4bb31a20494b7d218ff2e15017883e8ea9626599b3b0e0229c18383ba9dce89da2adf15cb9
  languageName: node
  linkType: hard

"type-check@npm:~0.3.2":
  version: 0.3.2
  resolution: "type-check@npm:0.3.2"
  dependencies:
    prelude-ls: ~1.1.2
  checksum: dd3b1495642731bc0e1fc40abe5e977e0263005551ac83342ecb6f4f89551d106b368ec32ad3fb2da19b3bd7b2d1f64330da2ea9176d8ddbfe389fb286eb5124
  languageName: node
  linkType: hard

"universalify@npm:^0.1.0":
  version: 0.1.2
  resolution: "universalify@npm:0.1.2"
  checksum: 40cdc60f6e61070fe658ca36016a8f4ec216b29bf04a55dce14e3710cc84c7448538ef4dad3728d0bfe29975ccd7bfb5f414c45e7b78883567fb31b246f02dff
  languageName: node
  linkType: hard

"unpipe@npm:1.0.0":
  version: 1.0.0
  resolution: "unpipe@npm:1.0.0"
  checksum: 4fa18d8d8d977c55cb09715385c203197105e10a6d220087ec819f50cb68870f02942244f1017565484237f1f8c5d3cd413631b1ae104d3096f24fdfde1b4aa2
  languageName: node
  linkType: hard

"vm2@npm:^3.9.3":
  version: 3.9.11
  resolution: "vm2@npm:3.9.11"
  dependencies:
    acorn: ^8.7.0
    acorn-walk: ^8.2.0
  bin:
    vm2: bin/vm2
  checksum: aab39e6e4b59146d24abacd79f490e854a6e058a8b23d93d2be5aca7720778e2605d2cc028ccc4a5f50d3d91b0c38be9a6247a80d2da1a6de09425cc437770b4
  languageName: node
  linkType: hard

"word-wrap@npm:~1.2.3":
  version: 1.2.3
  resolution: "word-wrap@npm:1.2.3"
  checksum: 30b48f91fcf12106ed3186ae4fa86a6a1842416df425be7b60485de14bec665a54a68e4b5156647dec3a70f25e84d270ca8bc8cd23182ed095f5c7206a938c1f
  languageName: node
  linkType: hard

"wrap-ansi@npm:^7.0.0":
  version: 7.0.0
  resolution: "wrap-ansi@npm:7.0.0"
  dependencies:
    ansi-styles: ^4.0.0
    string-width: ^4.1.0
    strip-ansi: ^6.0.0
  checksum: a790b846fd4505de962ba728a21aaeda189b8ee1c7568ca5e817d85930e06ef8d1689d49dbf0e881e8ef84436af3a88bc49115c2e2788d841ff1b8b5b51a608b
  languageName: node
  linkType: hard

"xregexp@npm:2.0.0":
  version: 2.0.0
  resolution: "xregexp@npm:2.0.0"
  checksum: de62d1f01c9f1a67c80cafe48a3dc081b324249a0e88e65dc9acae9cce6d8e63c9d91c0f97e2ad2d8c5351c856c139c04dc55ebd941e59b7d1d5c1169e164cff
  languageName: node
  linkType: hard

"y18n@npm:^5.0.5":
  version: 5.0.8
  resolution: "y18n@npm:5.0.8"
  checksum: 54f0fb95621ee60898a38c572c515659e51cc9d9f787fb109cef6fde4befbe1c4602dc999d30110feee37456ad0f1660fa2edcfde6a9a740f86a290999550d30
  languageName: node
  linkType: hard

"yallist@npm:^3.0.2":
  version: 3.1.1
  resolution: "yallist@npm:3.1.1"
  checksum: 48f7bb00dc19fc635a13a39fe547f527b10c9290e7b3e836b9a8f1ca04d4d342e85714416b3c2ab74949c9c66f9cebb0473e6bc353b79035356103b47641285d
  languageName: node
  linkType: hard

"yargs-parser@npm:^21.1.1":
  version: 21.1.1
  resolution: "yargs-parser@npm:21.1.1"
  checksum: ed2d96a616a9e3e1cc7d204c62ecc61f7aaab633dcbfab2c6df50f7f87b393993fe6640d017759fe112d0cb1e0119f2b4150a87305cc873fd90831c6a58ccf1c
  languageName: node
  linkType: hard

"yargs@npm:^17.6.2":
  version: 17.6.2
  resolution: "yargs@npm:17.6.2"
  dependencies:
    cliui: ^8.0.1
    escalade: ^3.1.1
    get-caller-file: ^2.0.5
    require-directory: ^2.1.1
    string-width: ^4.2.3
    y18n: ^5.0.5
    yargs-parser: ^21.1.1
  checksum: 47da1b0d854fa16d45a3ded57b716b013b2179022352a5f7467409da5a04a1eef5b3b3d97a2dfc13e8bbe5f2ffc0afe3bc6a4a72f8254e60f5a4bd7947138643
  languageName: node
  linkType: hard
